
Microsoft Visual Studio Solution File, Format Version 10.00
# Visual Studio 2008
Project("{FAE04EC0-301F-11D3-BF4B-00C04F79EFBC}") = "p2pncs.core", "p2pncs.core\p2pncs.core.csproj", "{40F04D04-CCA2-4B39-B521-2CDC20C20621}"
EndProject
Project("{FAE04EC0-301F-11D3-BF4B-00C04F79EFBC}") = "p2pncs.simulation", "p2pncs.simulation\p2pncs.simulation.csproj", "{A7ABCCD1-20B9-41A7-8C54-7E2B4C958B23}"
EndProject
Project("{FAE04EC0-301F-11D3-BF4B-00C04F79EFBC}") = "openCrypto.NET", "openCrypto.NET\openCrypto.NET.csproj", "{59AD989B-7DD7-400B-B2D5-EFBD0004A749}"
EndProject
Project("{FAE04EC0-301F-11D3-BF4B-00C04F79EFBC}") = "CompactBinarySerializer", "CompactBinarySerializer\CompactBinarySerializer.csproj", "{0991644E-7C68-4F1D-9A56-5E7CE10213CB}"
EndProject
Project("{FAE04EC0-301F-11D3-BF4B-00C04F79EFBC}") = "XmlConfigLibrary", "XmlConfigLibrary\XmlConfigLibrary.csproj", "{09DDD2D2-8810-4017-8C0A-FF7A5FED9235}"
EndProject
Project("{FAE04EC0-301F-11D3-BF4B-00C04F79EFBC}") = "HttpServer", "HttpServer\HttpServer.csproj", "{F886911A-ACBD-40A0-8122-A9DD18122B65}"
EndProject
Project("{FAE04EC0-301F-11D3-BF4B-00C04F79EFBC}") = "p2pncs.tests", "p2pncs.tests\p2pncs.tests.csproj", "{5E78FE72-A8DC-4039-912B-573257134988}"
EndProject
Project("{FAE04EC0-301F-11D3-BF4B-00C04F79EFBC}") = "p2pncs.debug", "p2pncs.debug\p2pncs.debug.csproj", "{7BC87E33-75D7-4003-BD55-8F4D41F4DC50}"
EndProject
Global
	GlobalSection(SolutionConfigurationPlatforms) = preSolution
		Debug|Any CPU = Debug|Any CPU
		Release|Any CPU = Release|Any CPU
	EndGlobalSection
	GlobalSection(ProjectConfigurationPlatforms) = postSolution
		{40F04D04-CCA2-4B39-B521-2CDC20C20621}.Debug|Any CPU.ActiveCfg = Debug|Any CPU
		{40F04D04-CCA2-4B39-B521-2CDC20C20621}.Debug|Any CPU.Build.0 = Debug|Any CPU
		{40F04D04-CCA2-4B39-B521-2CDC20C20621}.Release|Any CPU.ActiveCfg = Release|Any CPU
		{40F04D04-CCA2-4B39-B521-2CDC20C20621}.Release|Any CPU.Build.0 = Release|Any CPU
		{A7ABCCD1-20B9-41A7-8C54-7E2B4C958B23}.Debug|Any CPU.ActiveCfg = Debug|Any CPU
		{A7ABCCD1-20B9-41A7-8C54-7E2B4C958B23}.Debug|Any CPU.Build.0 = Debug|Any CPU
		{A7ABCCD1-20B9-41A7-8C54-7E2B4C958B23}.Release|Any CPU.ActiveCfg = Release|Any CPU
		{A7ABCCD1-20B9-41A7-8C54-7E2B4C958B23}.Release|Any CPU.Build.0 = Release|Any CPU
		{59AD989B-7DD7-400B-B2D5-EFBD0004A749}.Debug|Any CPU.ActiveCfg = Debug|Any CPU
		{59AD989B-7DD7-400B-B2D5-EFBD0004A749}.Debug|Any CPU.Build.0 = Debug|Any CPU
		{59AD989B-7DD7-400B-B2D5-EFBD0004A749}.Release|Any CPU.ActiveCfg = Release|Any CPU
		{59AD989B-7DD7-400B-B2D5-EFBD0004A749}.Release|Any CPU.Build.0 = Release|Any CPU
		{0991644E-7C68-4F1D-9A56-5E7CE10213CB}.Debug|Any CPU.ActiveCfg = Debug|Any CPU
		{0991644E-7C68-4F1D-9A56-5E7CE10213CB}.Debug|Any CPU.Build.0 = Debug|Any CPU
		{0991644E-7C68-4F1D-9A56-5E7CE10213CB}.Release|Any CPU.ActiveCfg = Release|Any CPU
		{0991644E-7C68-4F1D-9A56-5E7CE10213CB}.Release|Any CPU.Build.0 = Release|Any CPU
		{09DDD2D2-8810-4017-8C0A-FF7A5FED9235}.Debug|Any CPU.ActiveCfg = Debug|Any CPU
		{09DDD2D2-8810-4017-8C0A-FF7A5FED9235}.Debug|Any CPU.Build.0 = Debug|Any CPU
		{09DDD2D2-8810-4017-8C0A-FF7A5FED9235}.Release|Any CPU.ActiveCfg = Release|Any CPU
		{09DDD2D2-8810-4017-8C0A-FF7A5FED9235}.Release|Any CPU.Build.0 = Release|Any CPU
		{F886911A-ACBD-40A0-8122-A9DD18122B65}.Debug|Any CPU.ActiveCfg = Debug|Any CPU
		{F886911A-ACBD-40A0-8122-A9DD18122B65}.Debug|Any CPU.Build.0 = Debug|Any CPU
		{F886911A-ACBD-40A0-8122-A9DD18122B65}.Release|Any CPU.ActiveCfg = Release|Any CPU
		{F886911A-ACBD-40A0-8122-A9DD18122B65}.Release|Any CPU.Build.0 = Release|Any CPU
		{5E78FE72-A8DC-4039-912B-573257134988}.Debug|Any CPU.ActiveCfg = Debug|Any CPU
		{5E78FE72-A8DC-4039-912B-573257134988}.Debug|Any CPU.Build.0 = Debug|Any CPU
		{5E78FE72-A8DC-4039-912B-573257134988}.Release|Any CPU.ActiveCfg = Release|Any CPU
		{5E78FE72-A8DC-4039-912B-573257134988}.Release|Any CPU.Build.0 = Release|Any CPU
		{7BC87E33-75D7-4003-BD55-8F4D41F4DC50}.Debug|Any CPU.ActiveCfg = Debug|Any CPU
		{7BC87E33-75D7-4003-BD55-8F4D41F4DC50}.Debug|Any CPU.Build.0 = Debug|Any CPU
		{7BC87E33-75D7-4003-BD55-8F4D41F4DC50}.Release|Any CPU.ActiveCfg = Release|Any CPU
		{7BC87E33-75D7-4003-BD55-8F4D41F4DC50}.Release|Any CPU.Build.0 = Release|Any CPU
	EndGlobalSection
	GlobalSection(SolutionProperties) = preSolution
		HideSolutionNode = FALSE
	EndGlobalSection
EndGlobal
